// !$*UTF8*$!
{
	archiveVersion = 1;
	classes = {
	};
	objectVersion = 50;
	objects = {

/* Begin PBXBuildFile section */
		C734594C2657775100B0D97C /* CollectionViewController.swift in Sources */ = {isa = PBXBuildFile; fileRef = C734594B2657775100B0D97C /* CollectionViewController.swift */; };
		C734594E2657776E00B0D97C /* TableViewController.swift in Sources */ = {isa = PBXBuildFile; fileRef = C734594D2657776E00B0D97C /* TableViewController.swift */; };
		C7345951265780D400B0D97C /* TableViewCell.swift in Sources */ = {isa = PBXBuildFile; fileRef = C7345950265780D400B0D97C /* TableViewCell.swift */; };
		C73459532657868900B0D97C /* CollectionViewCellOne.swift in Sources */ = {isa = PBXBuildFile; fileRef = C73459522657868900B0D97C /* CollectionViewCellOne.swift */; };
		C73459552657869700B0D97C /* CollectionViewCellTwo.swift in Sources */ = {isa = PBXBuildFile; fileRef = C73459542657869700B0D97C /* CollectionViewCellTwo.swift */; };
		C76FDBEF263B0EB20079EA59 /* AppDelegate.swift in Sources */ = {isa = PBXBuildFile; fileRef = C76FDBEE263B0EB20079EA59 /* AppDelegate.swift */; };
		C76FDBF1263B0EB20079EA59 /* SceneDelegate.swift in Sources */ = {isa = PBXBuildFile; fileRef = C76FDBF0263B0EB20079EA59 /* SceneDelegate.swift */; };
		C76FDBF3263B0EB20079EA59 /* ViewController.swift in Sources */ = {isa = PBXBuildFile; fileRef = C76FDBF2263B0EB20079EA59 /* ViewController.swift */; };
		C76FDBF6263B0EB20079EA59 /* Main.storyboard in Resources */ = {isa = PBXBuildFile; fileRef = C76FDBF4263B0EB20079EA59 /* Main.storyboard */; };
		C76FDBF8263B0EB50079EA59 /* Assets.xcassets in Resources */ = {isa = PBXBuildFile; fileRef = C76FDBF7263B0EB50079EA59 /* Assets.xcassets */; };
		C76FDBFB263B0EB50079EA59 /* LaunchScreen.storyboard in Resources */ = {isa = PBXBuildFile; fileRef = C76FDBF9263B0EB50079EA59 /* LaunchScreen.storyboard */; };
		C7CF6652263D320600C1D639 /* Extentions.swift in Sources */ = {isa = PBXBuildFile; fileRef = C7CF6651263D320600C1D639 /* Extentions.swift */; };
		C7E3C9D72666238C001F0570 /* KanyeQuoteManager.swift in Sources */ = {isa = PBXBuildFile; fileRef = C7E3C9D62666238C001F0570 /* KanyeQuoteManager.swift */; };
/* End PBXBuildFile section */

/* Begin PBXFileReference section */
		C734594B2657775100B0D97C /* CollectionViewController.swift */ = {isa = PBXFileReference; lastKnownFileType = sourcecode.swift; path = CollectionViewController.swift; sourceTree = "<group>"; };
		C734594D2657776E00B0D97C /* TableViewController.swift */ = {isa = PBXFileReference; lastKnownFileType = sourcecode.swift; path = TableViewController.swift; sourceTree = "<group>"; };
		C7345950265780D400B0D97C /* TableViewCell.swift */ = {isa = PBXFileReference; lastKnownFileType = sourcecode.swift; path = TableViewCell.swift; sourceTree = "<group>"; };
		C73459522657868900B0D97C /* CollectionViewCellOne.swift */ = {isa = PBXFileReference; lastKnownFileType = sourcecode.swift; path = CollectionViewCellOne.swift; sourceTree = "<group>"; };
		C73459542657869700B0D97C /* CollectionViewCellTwo.swift */ = {isa = PBXFileReference; lastKnownFileType = sourcecode.swift; path = CollectionViewCellTwo.swift; sourceTree = "<group>"; };
		C76FDBEB263B0EB20079EA59 /* swift-essentials.app */ = {isa = PBXFileReference; explicitFileType = wrapper.application; includeInIndex = 0; path = "swift-essentials.app"; sourceTree = BUILT_PRODUCTS_DIR; };
		C76FDBEE263B0EB20079EA59 /* AppDelegate.swift */ = {isa = PBXFileReference; lastKnownFileType = sourcecode.swift; path = AppDelegate.swift; sourceTree = "<group>"; };
		C76FDBF0263B0EB20079EA59 /* SceneDelegate.swift */ = {isa = PBXFileReference; lastKnownFileType = sourcecode.swift; path = SceneDelegate.swift; sourceTree = "<group>"; };
		C76FDBF2263B0EB20079EA59 /* ViewController.swift */ = {isa = PBXFileReference; lastKnownFileType = sourcecode.swift; path = ViewController.swift; sourceTree = "<group>"; };
		C76FDBF5263B0EB20079EA59 /* Base */ = {isa = PBXFileReference; lastKnownFileType = file.storyboard; name = Base; path = Base.lproj/Main.storyboard; sourceTree = "<group>"; };
		C76FDBF7263B0EB50079EA59 /* Assets.xcassets */ = {isa = PBXFileReference; lastKnownFileType = folder.assetcatalog; path = Assets.xcassets; sourceTree = "<group>"; };
		C76FDBFA263B0EB50079EA59 /* Base */ = {isa = PBXFileReference; lastKnownFileType = file.storyboard; name = Base; path = Base.lproj/LaunchScreen.storyboard; sourceTree = "<group>"; };
		C76FDBFC263B0EB50079EA59 /* Info.plist */ = {isa = PBXFileReference; lastKnownFileType = text.plist.xml; path = Info.plist; sourceTree = "<group>"; };
		C7CF6651263D320600C1D639 /* Extentions.swift */ = {isa = PBXFileReference; lastKnownFileType = sourcecode.swift; path = Extentions.swift; sourceTree = "<group>"; };
		C7E3C9D62666238C001F0570 /* KanyeQuoteManager.swift */ = {isa = PBXFileReference; lastKnownFileType = sourcecode.swift; path = KanyeQuoteManager.swift; sourceTree = "<group>"; };
/* End PBXFileReference section */

/* Begin PBXFrameworksBuildPhase section */
		C76FDBE8263B0EB20079EA59 /* Frameworks */ = {
			isa = PBXFrameworksBuildPhase;
			buildActionMask = 2147483647;
			files = (
			);
			runOnlyForDeploymentPostprocessing = 0;
		};
/* End PBXFrameworksBuildPhase section */

/* Begin PBXGroup section */
		C734594F265780B200B0D97C /* Cells */ = {
			isa = PBXGroup;
			children = (
				C7345950265780D400B0D97C /* TableViewCell.swift */,
				C73459522657868900B0D97C /* CollectionViewCellOne.swift */,
				C73459542657869700B0D97C /* CollectionViewCellTwo.swift */,
			);
			path = Cells;
			sourceTree = "<group>";
		};
		C76FDBE2263B0EB20079EA59 = {
			isa = PBXGroup;
			children = (
				C76FDBED263B0EB20079EA59 /* swift-essentials */,
				C76FDBEC263B0EB20079EA59 /* Products */,
			);
			sourceTree = "<group>";
		};
		C76FDBEC263B0EB20079EA59 /* Products */ = {
			isa = PBXGroup;
			children = (
				C76FDBEB263B0EB20079EA59 /* swift-essentials.app */,
			);
			name = Products;
			sourceTree = "<group>";
		};
		C76FDBED263B0EB20079EA59 /* swift-essentials */ = {
			isa = PBXGroup;
			children = (
				C7CF6650263D30FE00C1D639 /* Application */,
				C7E3C9D526662359001F0570 /* Services */,
				C7CF664F263D30F700C1D639 /* Helpers */,
				C7CF664E263D30E300C1D639 /* Models */,
				C7CF664D263D30DA00C1D639 /* View Models */,
				C7CF664C263D30CE00C1D639 /* Views */,
				C7CF664B263D30BE00C1D639 /* Controllers */,
				C76FDBFC263B0EB50079EA59 /* Info.plist */,
			);
			path = "swift-essentials";
			sourceTree = "<group>";
		};
		C7CF664B263D30BE00C1D639 /* Controllers */ = {
			isa = PBXGroup;
			children = (
				C76FDBF2263B0EB20079EA59 /* ViewController.swift */,
				C734594D2657776E00B0D97C /* TableViewController.swift */,
				C734594B2657775100B0D97C /* CollectionViewController.swift */,
			);
			path = Controllers;
			sourceTree = "<group>";
		};
		C7CF664C263D30CE00C1D639 /* Views */ = {
			isa = PBXGroup;
			children = (
				C734594F265780B200B0D97C /* Cells */,
				C76FDBF4263B0EB20079EA59 /* Main.storyboard */,
				C76FDBF7263B0EB50079EA59 /* Assets.xcassets */,
				C76FDBF9263B0EB50079EA59 /* LaunchScreen.storyboard */,
			);
			path = Views;
			sourceTree = "<group>";
		};
		C7CF664D263D30DA00C1D639 /* View Models */ = {
			isa = PBXGroup;
			children = (
			);
			path = "View Models";
			sourceTree = "<group>";
		};
		C7CF664E263D30E300C1D639 /* Models */ = {
			isa = PBXGroup;
			children = (
			);
			path = Models;
			sourceTree = "<group>";
		};
		C7CF664F263D30F700C1D639 /* Helpers */ = {
			isa = PBXGroup;
			children = (
				C7CF6651263D320600C1D639 /* Extentions.swift */,
			);
			path = Helpers;
			sourceTree = "<group>";
		};
		C7CF6650263D30FE00C1D639 /* Application */ = {
			isa = PBXGroup;
			children = (
				C76FDBEE263B0EB20079EA59 /* AppDelegate.swift */,
				C76FDBF0263B0EB20079EA59 /* SceneDelegate.swift */,
			);
			path = Application;
			sourceTree = "<group>";
		};
		C7E3C9D526662359001F0570 /* Services */ = {
			isa = PBXGroup;
			children = (
				C7E3C9D62666238C001F0570 /* KanyeQuoteManager.swift */,
			);
			path = Services;
			sourceTree = "<group>";
		};
/* End PBXGroup section */

/* Begin PBXNativeTarget section */
		C76FDBEA263B0EB20079EA59 /* swift-essentials */ = {
			isa = PBXNativeTarget;
			buildConfigurationList = C76FDBFF263B0EB50079EA59 /* Build configuration list for PBXNativeTarget "swift-essentials" */;
			buildPhases = (
				C76FDBE7263B0EB20079EA59 /* Sources */,
				C76FDBE8263B0EB20079EA59 /* Frameworks */,
				C76FDBE9263B0EB20079EA59 /* Resources */,
			);
			buildRules = (
			);
			dependencies = (
			);
			name = "swift-essentials";
			productName = "swift-essentials";
			productReference = C76FDBEB263B0EB20079EA59 /* swift-essentials.app */;
			productType = "com.apple.product-type.application";
		};
/* End PBXNativeTarget section */

/* Begin PBXProject section */
		C76FDBE3263B0EB20079EA59 /* Project object */ = {
			isa = PBXProject;
			attributes = {
				LastSwiftUpdateCheck = 1120;
				LastUpgradeCheck = 1120;
				ORGANIZATIONNAME = nitpa.org;
				TargetAttributes = {
					C76FDBEA263B0EB20079EA59 = {
						CreatedOnToolsVersion = 11.2.1;
					};
				};
			};
			buildConfigurationList = C76FDBE6263B0EB20079EA59 /* Build configuration list for PBXProject "swift-essentials" */;
			compatibilityVersion = "Xcode 9.3";
			developmentRegion = en;
			hasScannedForEncodings = 0;
			knownRegions = (
				en,
				Base,
			);
			mainGroup = C76FDBE2263B0EB20079EA59;
			productRefGroup = C76FDBEC263B0EB20079EA59 /* Products */;
			projectDirPath = "";
			projectRoot = "";
			targets = (
				C76FDBEA263B0EB20079EA59 /* swift-essentials */,
			);
		};
/* End PBXProject section */

/* Begin PBXResourcesBuildPhase section */
		C76FDBE9263B0EB20079EA59 /* Resources */ = {
			isa = PBXResourcesBuildPhase;
			buildActionMask = 2147483647;
			files = (
				C76FDBFB263B0EB50079EA59 /* LaunchScreen.storyboard in Resources */,
				C76FDBF8263B0EB50079EA59 /* Assets.xcassets in Resources */,
				C76FDBF6263B0EB20079EA59 /* Main.storyboard in Resources */,
			);
			runOnlyForDeploymentPostprocessing = 0;
		};
/* End PBXResourcesBuildPhase section */

/* Begin PBXSourcesBuildPhase section */
		C76FDBE7263B0EB20079EA59 /* Sources */ = {
			isa = PBXSourcesBuildPhase;
			buildActionMask = 2147483647;
			files = (
				C7CF6652263D320600C1D639 /* Extentions.swift in Sources */,
				C734594E2657776E00B0D97C /* TableViewController.swift in Sources */,
				C76FDBF3263B0EB20079EA59 /* ViewController.swift in Sources */,
				C7E3C9D72666238C001F0570 /* KanyeQuoteManager.swift in Sources */,
				C76FDBEF263B0EB20079EA59 /* AppDelegate.swift in Sources */,
				C76FDBF1263B0EB20079EA59 /* SceneDelegate.swift in Sources */,
				C73459552657869700B0D97C /* CollectionViewCellTwo.swift in Sources */,
				C7345951265780D400B0D97C /* TableViewCell.swift in Sources */,
				C734594C2657775100B0D97C /* CollectionViewController.swift in Sources */,
				C73459532657868900B0D97C /* CollectionViewCellOne.swift in Sources */,
			);
			runOnlyForDeploymentPostprocessing = 0;
		};
/* End PBXSourcesBuildPhase section */

/* Begin PBXVariantGroup section */
		C76FDBF4263B0EB20079EA59 /* Main.storyboard */ = {
			isa = PBXVariantGroup;
			children = (
				C76FDBF5263B0EB20079EA59 /* Base */,
			);
			name = Main.storyboard;
			sourceTree = "<group>";
		};
		C76FDBF9263B0EB50079EA59 /* LaunchScreen.storyboard */ = {
			isa = PBXVariantGroup;
			children = (
				C76FDBFA263B0EB50079EA59 /* Base */,
			);
			name = LaunchScreen.storyboard;
			sourceTree = "<group>";
		};
/* End PBXVariantGroup section */

/* Begin XCBuildConfiguration section */
		C76FDBFD263B0EB50079EA59 /* Debug */ = {
			isa = XCBuildConfiguration;
			buildSettings = {
				ALWAYS_SEARCH_USER_PATHS = NO;
				CLANG_ANALYZER_NONNULL = YES;
				CLANG_ANALYZER_NUMBER_OBJECT_CONVERSION = YES_AGGRESSIVE;
				CLANG_CXX_LANGUAGE_STANDARD = "gnu++14";
				CLANG_CXX_LIBRARY = "libc++";
				CLANG_ENABLE_MODULES = YES;
				CLANG_ENABLE_OBJC_ARC = YES;
				CLANG_ENABLE_OBJC_WEAK = YES;
				CLANG_WARN_BLOCK_CAPTURE_AUTORELEASING = YES;
				CLANG_WARN_BOOL_CONVERSION = YES;
				CLANG_WARN_COMMA = YES;
				CLANG_WARN_CONSTANT_CONVERSION = YES;
				CLANG_WARN_DEPRECATED_OBJC_IMPLEMENTATIONS = YES;
				CLANG_WARN_DIRECT_OBJC_ISA_USAGE = YES_ERROR;
				CLANG_WARN_DOCUMENTATION_COMMENTS = YES;
				CLANG_WARN_EMPTY_BODY = YES;
				CLANG_WARN_ENUM_CONVERSION = YES;
				CLANG_WARN_INFINITE_RECURSION = YES;
				CLANG_WARN_INT_CONVERSION = YES;
				CLANG_WARN_NON_LITERAL_NULL_CONVERSION = YES;
				CLANG_WARN_OBJC_IMPLICIT_RETAIN_SELF = YES;
				CLANG_WARN_OBJC_LITERAL_CONVERSION = YES;
				CLANG_WARN_OBJC_ROOT_CLASS = YES_ERROR;
				CLANG_WARN_RANGE_LOOP_ANALYSIS = YES;
				CLANG_WARN_STRICT_PROTOTYPES = YES;
				CLANG_WARN_SUSPICIOUS_MOVE = YES;
				CLANG_WARN_UNGUARDED_AVAILABILITY = YES_AGGRESSIVE;
				CLANG_WARN_UNREACHABLE_CODE = YES;
				CLANG_WARN__DUPLICATE_METHOD_MATCH = YES;
				COPY_PHASE_STRIP = NO;
				DEBUG_INFORMATION_FORMAT = dwarf;
				ENABLE_STRICT_OBJC_MSGSEND = YES;
				ENABLE_TESTABILITY = YES;
				GCC_C_LANGUAGE_STANDARD = gnu11;
				GCC_DYNAMIC_NO_PIC = NO;
				GCC_NO_COMMON_BLOCKS = YES;
				GCC_OPTIMIZATION_LEVEL = 0;
				GCC_PREPROCESSOR_DEFINITIONS = (
					"DEBUG=1",
					"$(inherited)",
				);
				GCC_WARN_64_TO_32_BIT_CONVERSION = YES;
				GCC_WARN_ABOUT_RETURN_TYPE = YES_ERROR;
				GCC_WARN_UNDECLARED_SELECTOR = YES;
				GCC_WARN_UNINITIALIZED_AUTOS = YES_AGGRESSIVE;
				GCC_WARN_UNUSED_FUNCTION = YES;
				GCC_WARN_UNUSED_VARIABLE = YES;
				IPHONEOS_DEPLOYMENT_TARGET = 13.2;
				MTL_ENABLE_DEBUG_INFO = INCLUDE_SOURCE;
				MTL_FAST_MATH = YES;
				ONLY_ACTIVE_ARCH = YES;
				SDKROOT = iphoneos;
				SWIFT_ACTIVE_COMPILATION_CONDITIONS = DEBUG;
				SWIFT_OPTIMIZATION_LEVEL = "-Onone";
			};
			name = Debug;
		};
		C76FDBFE263B0EB50079EA59 /* Release */ = {
			isa = XCBuildConfiguration;
			buildSettings = {
				ALWAYS_SEARCH_USER_PATHS = NO;
				CLANG_ANALYZER_NONNULL = YES;
				CLANG_ANALYZER_NUMBER_OBJECT_CONVERSION = YES_AGGRESSIVE;
				CLANG_CXX_LANGUAGE_STANDARD = "gnu++14";
				CLANG_CXX_LIBRARY = "libc++";
				CLANG_ENABLE_MODULES = YES;
				CLANG_ENABLE_OBJC_ARC = YES;
				CLANG_ENABLE_OBJC_WEAK = YES;
				CLANG_WARN_BLOCK_CAPTURE_AUTORELEASING = YES;
				CLANG_WARN_BOOL_CONVERSION = YES;
				CLANG_WARN_COMMA = YES;
				CLANG_WARN_CONSTANT_CONVERSION = YES;
				CLANG_WARN_DEPRECATED_OBJC_IMPLEMENTATIONS = YES;
				CLANG_WARN_DIRECT_OBJC_ISA_USAGE = YES_ERROR;
				CLANG_WARN_DOCUMENTATION_COMMENTS = YES;
				CLANG_WARN_EMPTY_BODY = YES;
				CLANG_WARN_ENUM_CONVERSION = YES;
				CLANG_WARN_INFINITE_RECURSION = YES;
				CLANG_WARN_INT_CONVERSION = YES;
				CLANG_WARN_NON_LITERAL_NULL_CONVERSION = YES;
				CLANG_WARN_OBJC_IMPLICIT_RETAIN_SELF = YES;
				CLANG_WARN_OBJC_LITERAL_CONVERSION = YES;
				CLANG_WARN_OBJC_ROOT_CLASS = YES_ERROR;
				CLANG_WARN_RANGE_LOOP_ANALYSIS = YES;
				CLANG_WARN_STRICT_PROTOTYPES = YES;
				CLANG_WARN_SUSPICIOUS_MOVE = YES;
				CLANG_WARN_UNGUARDED_AVAILABILITY = YES_AGGRESSIVE;
				CLANG_WARN_UNREACHABLE_CODE = YES;
				CLANG_WARN__DUPLICATE_METHOD_MATCH = YES;
				COPY_PHASE_STRIP = NO;
				DEBUG_INFORMATION_FORMAT = "dwarf-with-dsym";
				ENABLE_NS_ASSERTIONS = NO;
				ENABLE_STRICT_OBJC_MSGSEND = YES;
				GCC_C_LANGUAGE_STANDARD = gnu11;
				GCC_NO_COMMON_BLOCKS = YES;
				GCC_WARN_64_TO_32_BIT_CONVERSION = YES;
				GCC_WARN_ABOUT_RETURN_TYPE = YES_ERROR;
				GCC_WARN_UNDECLARED_SELECTOR = YES;
				GCC_WARN_UNINITIALIZED_AUTOS = YES_AGGRESSIVE;
				GCC_WARN_UNUSED_FUNCTION = YES;
				GCC_WARN_UNUSED_VARIABLE = YES;
				IPHONEOS_DEPLOYMENT_TARGET = 13.2;
				MTL_ENABLE_DEBUG_INFO = NO;
				MTL_FAST_MATH = YES;
				SDKROOT = iphoneos;
				SWIFT_COMPILATION_MODE = wholemodule;
				SWIFT_OPTIMIZATION_LEVEL = "-O";
				VALIDATE_PRODUCT = YES;
			};
			name = Release;
		};
		C76FDC00263B0EB50079EA59 /* Debug */ = {
			isa = XCBuildConfiguration;
			buildSettings = {
				ASSETCATALOG_COMPILER_APPICON_NAME = AppIcon;
				CODE_SIGN_STYLE = Automatic;
				DEVELOPMENT_TEAM = VS8YZS88BS;
				INFOPLIST_FILE = "swift-essentials/Info.plist";
				LD_RUNPATH_SEARCH_PATHS = (
					"$(inherited)",
					"@executable_path/Frameworks",
				);
				PRODUCT_BUNDLE_IDENTIFIER = "in.nitpa.swift-essentials";
				PRODUCT_NAME = "$(TARGET_NAME)";
				SWIFT_VERSION = 5.0;
				TARGETED_DEVICE_FAMILY = "1,2";
			};
			name = Debug;
		};
		C76FDC01263B0EB50079EA59 /* Release */ = {
			isa = XCBuildConfiguration;
			buildSettings = {
				ASSETCATALOG_COMPILER_APPICON_NAME = AppIcon;
				CODE_SIGN_STYLE = Automatic;
				DEVELOPMENT_TEAM = VS8YZS88BS;
				INFOPLIST_FILE = "swift-essentials/Info.plist";
				LD_RUNPATH_SEARCH_PATHS = (
					"$(inherited)",
					"@executable_path/Frameworks",
				);
				PRODUCT_BUNDLE_IDENTIFIER = "in.nitpa.swift-essentials";
				PRODUCT_NAME = "$(TARGET_NAME)";
				SWIFT_VERSION = 5.0;
				TARGETED_DEVICE_FAMILY = "1,2";
			};
			name = Release;
		};
/* End XCBuildConfiguration section */

/* Begin XCConfigurationList section */
		C76FDBE6263B0EB20079EA59 /* Build configuration list for PBXProject "swift-essentials" */ = {
			isa = XCConfigurationList;
			buildConfigurations = (
				C76FDBFD263B0EB50079EA59 /* Debug */,
				C76FDBFE263B0EB50079EA59 /* Release */,
			);
			defaultConfigurationIsVisible = 0;
			defaultConfigurationName = Release;
		};
		C76FDBFF263B0EB50079EA59 /* Build configuration list for PBXNativeTarget "swift-essentials" */ = {
			isa = XCConfigurationList;
			buildConfigurations = (
				C76FDC00263B0EB50079EA59 /* Debug */,
				C76FDC01263B0EB50079EA59 /* Release */,
			);
			defaultConfigurationIsVisible = 0;
			defaultConfigurationName = Release;
		};
/* End XCConfigurationList section */
	};
	rootObject = C76FDBE3263B0EB20079EA59 /* Project object */;
}
